
Microsoft Visual Studio Solution File, Format Version 12.00
# Visual Studio Version 16
VisualStudioVersion = 16.0.33529.622
MinimumVisualStudioVersion = 10.0.40219.1
Project("{8BC9CEB8-8B4A-11D0-8D11-00A0C91BC942}") = "Tarjetas", "Tarjetas\Tarjetas.vcxproj", "{F06030C9-E85F-4448-849B-9593722B1EBC}"
EndProject
Global
	GlobalSection(SolutionConfigurationPlatforms) = preSolution
		Debug|x64 = Debug|x64
		Debug|x86 = Debug|x86
		Release|x64 = Release|x64
		Release|x86 = Release|x86
	EndGlobalSection
	GlobalSection(ProjectConfigurationPlatforms) = postSolution
		{F06030C9-E85F-4448-849B-9593722B1EBC}.Debug|x64.ActiveCfg = Debug|x64
		{F06030C9-E85F-4448-849B-9593722B1EBC}.Debug|x64.Build.0 = Debug|x64
		{F06030C9-E85F-4448-849B-9593722B1EBC}.Debug|x86.ActiveCfg = Debug|Win32
		{F06030C9-E85F-4448-849B-9593722B1EBC}.Debug|x86.Build.0 = Debug|Win32
		{F06030C9-E85F-4448-849B-9593722B1EBC}.Release|x64.ActiveCfg = Release|x64
		{F06030C9-E85F-4448-849B-9593722B1EBC}.Release|x64.Build.0 = Release|x64
		{F06030C9-E85F-4448-849B-9593722B1EBC}.Release|x86.ActiveCfg = Release|Win32
		{F06030C9-E85F-4448-849B-9593722B1EBC}.Release|x86.Build.0 = Release|Win32
	EndGlobalSection
	GlobalSection(SolutionProperties) = preSolution
		HideSolutionNode = FALSE
	EndGlobalSection
	GlobalSection(ExtensibilityGlobals) = postSolution
		SolutionGuid = {57C7F00E-3060-45C6-9C08-E210AA1CD84F}
	EndGlobalSection
EndGlobal
