
Microsoft Visual Studio Solution File, Format Version 12.00
# Visual Studio Version 16
VisualStudioVersion = 16.0.33529.622
MinimumVisualStudioVersion = 10.0.40219.1
Project("{8BC9CEB8-8B4A-11D0-8D11-00A0C91BC942}") = "Cyuenta", "Cyuenta\Cyuenta.vcxproj", "{825B509A-508D-4AE8-804C-AF5EFF64347F}"
EndProject
Global
	GlobalSection(SolutionConfigurationPlatforms) = preSolution
		Debug|x64 = Debug|x64
		Debug|x86 = Debug|x86
		Release|x64 = Release|x64
		Release|x86 = Release|x86
	EndGlobalSection
	GlobalSection(ProjectConfigurationPlatforms) = postSolution
		{825B509A-508D-4AE8-804C-AF5EFF64347F}.Debug|x64.ActiveCfg = Debug|x64
		{825B509A-508D-4AE8-804C-AF5EFF64347F}.Debug|x64.Build.0 = Debug|x64
		{825B509A-508D-4AE8-804C-AF5EFF64347F}.Debug|x86.ActiveCfg = Debug|Win32
		{825B509A-508D-4AE8-804C-AF5EFF64347F}.Debug|x86.Build.0 = Debug|Win32
		{825B509A-508D-4AE8-804C-AF5EFF64347F}.Release|x64.ActiveCfg = Release|x64
		{825B509A-508D-4AE8-804C-AF5EFF64347F}.Release|x64.Build.0 = Release|x64
		{825B509A-508D-4AE8-804C-AF5EFF64347F}.Release|x86.ActiveCfg = Release|Win32
		{825B509A-508D-4AE8-804C-AF5EFF64347F}.Release|x86.Build.0 = Release|Win32
	EndGlobalSection
	GlobalSection(SolutionProperties) = preSolution
		HideSolutionNode = FALSE
	EndGlobalSection
	GlobalSection(ExtensibilityGlobals) = postSolution
		SolutionGuid = {E67C86E4-8E54-4610-B393-2C2FCA617534}
	EndGlobalSection
EndGlobal
